// !$*UTF8*$!
{
	archiveVersion = 1;
	classes = {
	};
	objectVersion = 77;
	objects = {

/* Begin PBXContainerItemProxy section */
		EFDF8FB12EAFDEA300EA4813 /* PBXContainerItemProxy */ = {
			isa = PBXContainerItemProxy;
			containerPortal = EFDF8F982EAFDEA100EA4813 /* Project object */;
			proxyType = 1;
			remoteGlobalIDString = EFDF8F9F2EAFDEA100EA4813;
			remoteInfo = Breez;
		};
		EFDF8FBB2EAFDEA300EA4813 /* PBXContainerItemProxy */ = {
			isa = PBXContainerItemProxy;
			containerPortal = EFDF8F982EAFDEA100EA4813 /* Project object */;
			proxyType = 1;
			remoteGlobalIDString = EFDF8F9F2EAFDEA100EA4813;
			remoteInfo = Breez;
		};
/* End PBXContainerItemProxy section */

/* Begin PBXFileReference section */
		EFDF8FA02EAFDEA100EA4813 /* Breez.app */ = {isa = PBXFileReference; explicitFileType = wrapper.application; includeInIndex = 0; path = Breez.app; sourceTree = BUILT_PRODUCTS_DIR; };
		EFDF8FB02EAFDEA300EA4813 /* BreezTests.xctest */ = {isa = PBXFileReference; explicitFileType = wrapper.cfbundle; includeInIndex = 0; path = BreezTests.xctest; sourceTree = BUILT_PRODUCTS_DIR; };
		EFDF8FBA2EAFDEA300EA4813 /* BreezUITests.xctest */ = {isa = PBXFileReference; explicitFileType = wrapper.cfbundle; includeInIndex = 0; path = BreezUITests.xctest; sourceTree = BUILT_PRODUCTS_DIR; };
/* End PBXFileReference section */

/* Begin PBXFileSystemSynchronizedRootGroup section */
		EFDF8FA22EAFDEA100EA4813 /* Breez */ = {
			isa = PBXFileSystemSynchronizedRootGroup;
			path = Breez;
			sourceTree = "<group>";
		};
		EFDF8FB32EAFDEA300EA4813 /* BreezTests */ = {
			isa = PBXFileSystemSynchronizedRootGroup;
			path = BreezTests;
			sourceTree = "<group>";
		};
		EFDF8FBD2EAFDEA300EA4813 /* BreezUITests */ = {
			isa = PBXFileSystemSynchronizedRootGroup;
			path = BreezUITests;
			sourceTree = "<group>";
		};
/* End PBXFileSystemSynchronizedRootGroup section */

/* Begin PBXFrameworksBuildPhase section */
		EFDF8F9D2EAFDEA100EA4813 /* Frameworks */ = {
			isa = PBXFrameworksBuildPhase;
			buildActionMask = 2147483647;
			files = (
			);
			runOnlyForDeploymentPostprocessing = 0;
		};
		EFDF8FAD2EAFDEA300EA4813 /* Frameworks */ = {
			isa = PBXFrameworksBuildPhase;
			buildActionMask = 2147483647;
			files = (
			);
			runOnlyForDeploymentPostprocessing = 0;
		};
		EFDF8FB72EAFDEA300EA4813 /* Frameworks */ = {
			isa = PBXFrameworksBuildPhase;
			buildActionMask = 2147483647;
			files = (
			);
			runOnlyForDeploymentPostprocessing = 0;
		};
/* End PBXFrameworksBuildPhase section */

/* Begin PBXGroup section */
		EFDF8F972EAFDEA100EA4813 = {
			isa = PBXGroup;
			children = (
				EFDF8FA22EAFDEA100EA4813 /* Breez */,
				EFDF8FB32EAFDEA300EA4813 /* BreezTests */,
				EFDF8FBD2EAFDEA300EA4813 /* BreezUITests */,
				EFDF8FA12EAFDEA100EA4813 /* Products */,
			);
			sourceTree = "<group>";
		};
		EFDF8FA12EAFDEA100EA4813 /* Products */ = {
			isa = PBXGroup;
			children = (
				EFDF8FA02EAFDEA100EA4813 /* Breez.app */,
				EFDF8FB02EAFDEA300EA4813 /* BreezTests.xctest */,
				EFDF8FBA2EAFDEA300EA4813 /* BreezUITests.xctest */,
			);
			name = Products;
			sourceTree = "<group>";
		};
/* End PBXGroup section */

/* Begin PBXNativeTarget section */
		EFDF8F9F2EAFDEA100EA4813 /* Breez */ = {
			isa = PBXNativeTarget;
			buildConfigurationList = EFDF8FC42EAFDEA300EA4813 /* Build configuration list for PBXNativeTarget "Breez" */;
			buildPhases = (
				EFDF8F9C2EAFDEA100EA4813 /* Sources */,
				EFDF8F9D2EAFDEA100EA4813 /* Frameworks */,
				EFDF8F9E2EAFDEA100EA4813 /* Resources */,
			);
			buildRules = (
			);
			dependencies = (
			);
			fileSystemSynchronizedGroups = (
				EFDF8FA22EAFDEA100EA4813 /* Breez */,
			);
			name = Breez;
			packageProductDependencies = (
			);
			productName = Breez;
			productReference = EFDF8FA02EAFDEA100EA4813 /* Breez.app */;
			productType = "com.apple.product-type.application";
		};
		EFDF8FAF2EAFDEA300EA4813 /* BreezTests */ = {
			isa = PBXNativeTarget;
			buildConfigurationList = EFDF8FC72EAFDEA300EA4813 /* Build configuration list for PBXNativeTarget "BreezTests" */;
			buildPhases = (
				EFDF8FAC2EAFDEA300EA4813 /* Sources */,
				EFDF8FAD2EAFDEA300EA4813 /* Frameworks */,
				EFDF8FAE2EAFDEA300EA4813 /* Resources */,
			);
			buildRules = (
			);
			dependencies = (
				EFDF8FB22EAFDEA300EA4813 /* PBXTargetDependency */,
			);
			fileSystemSynchronizedGroups = (
				EFDF8FB32EAFDEA300EA4813 /* BreezTests */,
			);
			name = BreezTests;
			packageProductDependencies = (
			);
			productName = BreezTests;
			productReference = EFDF8FB02EAFDEA300EA4813 /* BreezTests.xctest */;
			productType = "com.apple.product-type.bundle.unit-test";
		};
		EFDF8FB92EAFDEA300EA4813 /* BreezUITests */ = {
			isa = PBXNativeTarget;
			buildConfigurationList = EFDF8FCA2EAFDEA300EA4813 /* Build configuration list for PBXNativeTarget "BreezUITests" */;
			buildPhases = (
				EFDF8FB62EAFDEA300EA4813 /* Sources */,
				EFDF8FB72EAFDEA300EA4813 /* Frameworks */,
				EFDF8FB82EAFDEA300EA4813 /* Resources */,
			);
			buildRules = (
			);
			dependencies = (
				EFDF8FBC2EAFDEA300EA4813 /* PBXTargetDependency */,
			);
			fileSystemSynchronizedGroups = (
				EFDF8FBD2EAFDEA300EA4813 /* BreezUITests */,
			);
			name = BreezUITests;
			packageProductDependencies = (
			);
			productName = BreezUITests;
			productReference = EFDF8FBA2EAFDEA300EA4813 /* BreezUITests.xctest */;
			productType = "com.apple.product-type.bundle.ui-testing";
		};
/* End PBXNativeTarget section */

/* Begin PBXProject section */
		EFDF8F982EAFDEA100EA4813 /* Project object */ = {
			isa = PBXProject;
			attributes = {
				BuildIndependentTargetsInParallel = 1;
				LastSwiftUpdateCheck = 1620;
				LastUpgradeCheck = 1620;
				TargetAttributes = {
					EFDF8F9F2EAFDEA100EA4813 = {
						CreatedOnToolsVersion = 16.2;
					};
					EFDF8FAF2EAFDEA300EA4813 = {
						CreatedOnToolsVersion = 16.2;
						TestTargetID = EFDF8F9F2EAFDEA100EA4813;
					};
					EFDF8FB92EAFDEA300EA4813 = {
						CreatedOnToolsVersion = 16.2;
						TestTargetID = EFDF8F9F2EAFDEA100EA4813;
					};
				};
			};
			buildConfigurationList = EFDF8F9B2EAFDEA100EA4813 /* Build configuration list for PBXProject "Breez" */;
			developmentRegion = en;
			hasScannedForEncodings = 0;
			knownRegions = (
				en,
				Base,
			);
			mainGroup = EFDF8F972EAFDEA100EA4813;
			minimizedProjectReferenceProxies = 1;
			preferredProjectObjectVersion = 77;
			productRefGroup = EFDF8FA12EAFDEA100EA4813 /* Products */;
			projectDirPath = "";
			projectRoot = "";
			targets = (
				EFDF8F9F2EAFDEA100EA4813 /* Breez */,
				EFDF8FAF2EAFDEA300EA4813 /* BreezTests */,
				EFDF8FB92EAFDEA300EA4813 /* BreezUITests */,
			);
		};
/* End PBXProject section */

/* Begin PBXResourcesBuildPhase section */
		EFDF8F9E2EAFDEA100EA4813 /* Resources */ = {
			isa = PBXResourcesBuildPhase;
			buildActionMask = 2147483647;
			files = (
			);
			runOnlyForDeploymentPostprocessing = 0;
		};
		EFDF8FAE2EAFDEA300EA4813 /* Resources */ = {
			isa = PBXResourcesBuildPhase;
			buildActionMask = 2147483647;
			files = (
			);
			runOnlyForDeploymentPostprocessing = 0;
		};
		EFDF8FB82EAFDEA300EA4813 /* Resources */ = {
			isa = PBXResourcesBuildPhase;
			buildActionMask = 2147483647;
			files = (
			);
			runOnlyForDeploymentPostprocessing = 0;
		};
/* End PBXResourcesBuildPhase section */

/* Begin PBXSourcesBuildPhase section */
		EFDF8F9C2EAFDEA100EA4813 /* Sources */ = {
			isa = PBXSourcesBuildPhase;
			buildActionMask = 2147483647;
			files = (
			);
			runOnlyForDeploymentPostprocessing = 0;
		};
		EFDF8FAC2EAFDEA300EA4813 /* Sources */ = {
			isa = PBXSourcesBuildPhase;
			buildActionMask = 2147483647;
			files = (
			);
			runOnlyForDeploymentPostprocessing = 0;
		};
		EFDF8FB62EAFDEA300EA4813 /* Sources */ = {
			isa = PBXSourcesBuildPhase;
			buildActionMask = 2147483647;
			files = (
			);
			runOnlyForDeploymentPostprocessing = 0;
		};
/* End PBXSourcesBuildPhase section */

/* Begin PBXTargetDependency section */
		EFDF8FB22EAFDEA300EA4813 /* PBXTargetDependency */ = {
			isa = PBXTargetDependency;
			target = EFDF8F9F2EAFDEA100EA4813 /* Breez */;
			targetProxy = EFDF8FB12EAFDEA300EA4813 /* PBXContainerItemProxy */;
		};
		EFDF8FBC2EAFDEA300EA4813 /* PBXTargetDependency */ = {
			isa = PBXTargetDependency;
			target = EFDF8F9F2EAFDEA100EA4813 /* Breez */;
			targetProxy = EFDF8FBB2EAFDEA300EA4813 /* PBXContainerItemProxy */;
		};
/* End PBXTargetDependency section */

/* Begin XCBuildConfiguration section */
		EFDF8FC22EAFDEA300EA4813 /* Debug */ = {
			isa = XCBuildConfiguration;
			buildSettings = {
				ALWAYS_SEARCH_USER_PATHS = NO;
				ASSETCATALOG_COMPILER_GENERATE_SWIFT_ASSET_SYMBOL_EXTENSIONS = YES;
				CLANG_ANALYZER_NONNULL = YES;
				CLANG_ANALYZER_NUMBER_OBJECT_CONVERSION = YES_AGGRESSIVE;
				CLANG_CXX_LANGUAGE_STANDARD = "gnu++20";
				CLANG_ENABLE_MODULES = YES;
				CLANG_ENABLE_OBJC_ARC = YES;
				CLANG_ENABLE_OBJC_WEAK = YES;
				CLANG_WARN_BLOCK_CAPTURE_AUTORELEASING = YES;
				CLANG_WARN_BOOL_CONVERSION = YES;
				CLANG_WARN_COMMA = YES;
				CLANG_WARN_CONSTANT_CONVERSION = YES;
				CLANG_WARN_DEPRECATED_OBJC_IMPLEMENTATIONS = YES;
				CLANG_WARN_DIRECT_OBJC_ISA_USAGE = YES_ERROR;
				CLANG_WARN_DOCUMENTATION_COMMENTS = YES;
				CLANG_WARN_EMPTY_BODY = YES;
				CLANG_WARN_ENUM_CONVERSION = YES;
				CLANG_WARN_INFINITE_RECURSION = YES;
				CLANG_WARN_INT_CONVERSION = YES;
				CLANG_WARN_NON_LITERAL_NULL_CONVERSION = YES;
				CLANG_WARN_OBJC_IMPLICIT_RETAIN_SELF = YES;
				CLANG_WARN_OBJC_LITERAL_CONVERSION = YES;
				CLANG_WARN_OBJC_ROOT_CLASS = YES_ERROR;
				CLANG_WARN_QUOTED_INCLUDE_IN_FRAMEWORK_HEADER = YES;
				CLANG_WARN_RANGE_LOOP_ANALYSIS = YES;
				CLANG_WARN_STRICT_PROTOTYPES = YES;
				CLANG_WARN_SUSPICIOUS_MOVE = YES;
				CLANG_WARN_UNGUARDED_AVAILABILITY = YES_AGGRESSIVE;
				CLANG_WARN_UNREACHABLE_CODE = YES;
				CLANG_WARN__DUPLICATE_METHOD_MATCH = YES;
				COPY_PHASE_STRIP = NO;
				DEBUG_INFORMATION_FORMAT = dwarf;
				ENABLE_STRICT_OBJC_MSGSEND = YES;
				ENABLE_TESTABILITY = YES;
				ENABLE_USER_SCRIPT_SANDBOXING = YES;
				GCC_C_LANGUAGE_STANDARD = gnu17;
				GCC_DYNAMIC_NO_PIC = NO;
				GCC_NO_COMMON_BLOCKS = YES;
				GCC_OPTIMIZATION_LEVEL = 0;
				GCC_PREPROCESSOR_DEFINITIONS = (
					"DEBUG=1",
					"$(inherited)",
				);
				GCC_WARN_64_TO_32_BIT_CONVERSION = YES;
				GCC_WARN_ABOUT_RETURN_TYPE = YES_ERROR;
				GCC_WARN_UNDECLARED_SELECTOR = YES;
				GCC_WARN_UNINITIALIZED_AUTOS = YES_AGGRESSIVE;
				GCC_WARN_UNUSED_FUNCTION = YES;
				GCC_WARN_UNUSED_VARIABLE = YES;
				IPHONEOS_DEPLOYMENT_TARGET = 18.2;
				LOCALIZATION_PREFERS_STRING_CATALOGS = YES;
				MTL_ENABLE_DEBUG_INFO = INCLUDE_SOURCE;
				MTL_FAST_MATH = YES;
				ONLY_ACTIVE_ARCH = YES;
				SDKROOT = iphoneos;
				SWIFT_ACTIVE_COMPILATION_CONDITIONS = "DEBUG $(inherited)";
				SWIFT_OPTIMIZATION_LEVEL = "-Onone";
			};
			name = Debug;
		};
		EFDF8FC32EAFDEA300EA4813 /* Release */ = {
			isa = XCBuildConfiguration;
			buildSettings = {
				ALWAYS_SEARCH_USER_PATHS = NO;
				ASSETCATALOG_COMPILER_GENERATE_SWIFT_ASSET_SYMBOL_EXTENSIONS = YES;
				CLANG_ANALYZER_NONNULL = YES;
				CLANG_ANALYZER_NUMBER_OBJECT_CONVERSION = YES_AGGRESSIVE;
				CLANG_CXX_LANGUAGE_STANDARD = "gnu++20";
				CLANG_ENABLE_MODULES = YES;
				CLANG_ENABLE_OBJC_ARC = YES;
				CLANG_ENABLE_OBJC_WEAK = YES;
				CLANG_WARN_BLOCK_CAPTURE_AUTORELEASING = YES;
				CLANG_WARN_BOOL_CONVERSION = YES;
				CLANG_WARN_COMMA = YES;
				CLANG_WARN_CONSTANT_CONVERSION = YES;
				CLANG_WARN_DEPRECATED_OBJC_IMPLEMENTATIONS = YES;
				CLANG_WARN_DIRECT_OBJC_ISA_USAGE = YES_ERROR;
				CLANG_WARN_DOCUMENTATION_COMMENTS = YES;
				CLANG_WARN_EMPTY_BODY = YES;
				CLANG_WARN_ENUM_CONVERSION = YES;
				CLANG_WARN_INFINITE_RECURSION = YES;
				CLANG_WARN_INT_CONVERSION = YES;
				CLANG_WARN_NON_LITERAL_NULL_CONVERSION = YES;
				CLANG_WARN_OBJC_IMPLICIT_RETAIN_SELF = YES;
				CLANG_WARN_OBJC_LITERAL_CONVERSION = YES;
				CLANG_WARN_OBJC_ROOT_CLASS = YES_ERROR;
				CLANG_WARN_QUOTED_INCLUDE_IN_FRAMEWORK_HEADER = YES;
				CLANG_WARN_RANGE_LOOP_ANALYSIS = YES;
				CLANG_WARN_STRICT_PROTOTYPES = YES;
				CLANG_WARN_SUSPICIOUS_MOVE = YES;
				CLANG_WARN_UNGUARDED_AVAILABILITY = YES_AGGRESSIVE;
				CLANG_WARN_UNREACHABLE_CODE = YES;
				CLANG_WARN__DUPLICATE_METHOD_MATCH = YES;
				COPY_PHASE_STRIP = NO;
				DEBUG_INFORMATION_FORMAT = "dwarf-with-dsym";
				ENABLE_NS_ASSERTIONS = NO;
				ENABLE_STRICT_OBJC_MSGSEND = YES;
				ENABLE_USER_SCRIPT_SANDBOXING = YES;
				GCC_C_LANGUAGE_STANDARD = gnu17;
				GCC_NO_COMMON_BLOCKS = YES;
				GCC_WARN_64_TO_32_BIT_CONVERSION = YES;
				GCC_WARN_ABOUT_RETURN_TYPE = YES_ERROR;
				GCC_WARN_UNDECLARED_SELECTOR = YES;
				GCC_WARN_UNINITIALIZED_AUTOS = YES_AGGRESSIVE;
				GCC_WARN_UNUSED_FUNCTION = YES;
				GCC_WARN_UNUSED_VARIABLE = YES;
				IPHONEOS_DEPLOYMENT_TARGET = 18.2;
				LOCALIZATION_PREFERS_STRING_CATALOGS = YES;
				MTL_ENABLE_DEBUG_INFO = NO;
				MTL_FAST_MATH = YES;
				SDKROOT = iphoneos;
				SWIFT_COMPILATION_MODE = wholemodule;
				VALIDATE_PRODUCT = YES;
			};
			name = Release;
		};
		EFDF8FC52EAFDEA300EA4813 /* Debug */ = {
			isa = XCBuildConfiguration;
			buildSettings = {
				ASSETCATALOG_COMPILER_APPICON_NAME = AppIcon;
				ASSETCATALOG_COMPILER_GLOBAL_ACCENT_COLOR_NAME = AccentColor;
				CODE_SIGN_STYLE = Automatic;
				CURRENT_PROJECT_VERSION = 1;
				DEVELOPMENT_ASSET_PATHS = "\"Breez/Preview Content\"";
				DEVELOPMENT_TEAM = D2A29W2UN7;
				ENABLE_PREVIEWS = YES;
				GENERATE_INFOPLIST_FILE = YES;
				INFOPLIST_KEY_UIApplicationSceneManifest_Generation = YES;
				INFOPLIST_KEY_UIApplicationSupportsIndirectInputEvents = YES;
				INFOPLIST_KEY_UILaunchScreen_Generation = YES;
				INFOPLIST_KEY_UISupportedInterfaceOrientations_iPad = "UIInterfaceOrientationPortrait UIInterfaceOrientationPortraitUpsideDown UIInterfaceOrientationLandscapeLeft UIInterfaceOrientationLandscapeRight";
				INFOPLIST_KEY_UISupportedInterfaceOrientations_iPhone = "UIInterfaceOrientationPortrait UIInterfaceOrientationLandscapeLeft UIInterfaceOrientationLandscapeRight";
				LD_RUNPATH_SEARCH_PATHS = (
					"$(inherited)",
					"@executable_path/Frameworks",
				);
				MARKETING_VERSION = 1.0;
				PRODUCT_BUNDLE_IDENTIFIER = com.a17.breez.Breez;
				PRODUCT_NAME = "$(TARGET_NAME)";
				SWIFT_EMIT_LOC_STRINGS = YES;
				SWIFT_VERSION = 5.0;
				TARGETED_DEVICE_FAMILY = "1,2";
			};
			name = Debug;
		};
		EFDF8FC62EAFDEA300EA4813 /* Release */ = {
			isa = XCBuildConfiguration;
			buildSettings = {
				ASSETCATALOG_COMPILER_APPICON_NAME = AppIcon;
				ASSETCATALOG_COMPILER_GLOBAL_ACCENT_COLOR_NAME = AccentColor;
				CODE_SIGN_STYLE = Automatic;
				CURRENT_PROJECT_VERSION = 1;
				DEVELOPMENT_ASSET_PATHS = "\"Breez/Preview Content\"";
				DEVELOPMENT_TEAM = D2A29W2UN7;
				ENABLE_PREVIEWS = YES;
				GENERATE_INFOPLIST_FILE = YES;
				INFOPLIST_KEY_UIApplicationSceneManifest_Generation = YES;
				INFOPLIST_KEY_UIApplicationSupportsIndirectInputEvents = YES;
				INFOPLIST_KEY_UILaunchScreen_Generation = YES;
				INFOPLIST_KEY_UISupportedInterfaceOrientations_iPad = "UIInterfaceOrientationPortrait UIInterfaceOrientationPortraitUpsideDown UIInterfaceOrientationLandscapeLeft UIInterfaceOrientationLandscapeRight";
				INFOPLIST_KEY_UISupportedInterfaceOrientations_iPhone = "UIInterfaceOrientationPortrait UIInterfaceOrientationLandscapeLeft UIInterfaceOrientationLandscapeRight";
				LD_RUNPATH_SEARCH_PATHS = (
					"$(inherited)",
					"@executable_path/Frameworks",
				);
				MARKETING_VERSION = 1.0;
				PRODUCT_BUNDLE_IDENTIFIER = com.a17.breez.Breez;
				PRODUCT_NAME = "$(TARGET_NAME)";
				SWIFT_EMIT_LOC_STRINGS = YES;
				SWIFT_VERSION = 5.0;
				TARGETED_DEVICE_FAMILY = "1,2";
			};
			name = Release;
		};
		EFDF8FC82EAFDEA300EA4813 /* Debug */ = {
			isa = XCBuildConfiguration;
			buildSettings = {
				BUNDLE_LOADER = "$(TEST_HOST)";
				CODE_SIGN_STYLE = Automatic;
				CURRENT_PROJECT_VERSION = 1;
				DEVELOPMENT_TEAM = D2A29W2UN7;
				GENERATE_INFOPLIST_FILE = YES;
				IPHONEOS_DEPLOYMENT_TARGET = 18.2;
				MARKETING_VERSION = 1.0;
				PRODUCT_BUNDLE_IDENTIFIER = com.a17.breez.BreezTests;
				PRODUCT_NAME = "$(TARGET_NAME)";
				SWIFT_EMIT_LOC_STRINGS = NO;
				SWIFT_VERSION = 5.0;
				TARGETED_DEVICE_FAMILY = "1,2";
				TEST_HOST = "$(BUILT_PRODUCTS_DIR)/Breez.app/$(BUNDLE_EXECUTABLE_FOLDER_PATH)/Breez";
			};
			name = Debug;
		};
		EFDF8FC92EAFDEA300EA4813 /* Release */ = {
			isa = XCBuildConfiguration;
			buildSettings = {
				BUNDLE_LOADER = "$(TEST_HOST)";
				CODE_SIGN_STYLE = Automatic;
				CURRENT_PROJECT_VERSION = 1;
				DEVELOPMENT_TEAM = D2A29W2UN7;
				GENERATE_INFOPLIST_FILE = YES;
				IPHONEOS_DEPLOYMENT_TARGET = 18.2;
				MARKETING_VERSION = 1.0;
				PRODUCT_BUNDLE_IDENTIFIER = com.a17.breez.BreezTests;
				PRODUCT_NAME = "$(TARGET_NAME)";
				SWIFT_EMIT_LOC_STRINGS = NO;
				SWIFT_VERSION = 5.0;
				TARGETED_DEVICE_FAMILY = "1,2";
				TEST_HOST = "$(BUILT_PRODUCTS_DIR)/Breez.app/$(BUNDLE_EXECUTABLE_FOLDER_PATH)/Breez";
			};
			name = Release;
		};
		EFDF8FCB2EAFDEA300EA4813 /* Debug */ = {
			isa = XCBuildConfiguration;
			buildSettings = {
				CODE_SIGN_STYLE = Automatic;
				CURRENT_PROJECT_VERSION = 1;
				DEVELOPMENT_TEAM = D2A29W2UN7;
				GENERATE_INFOPLIST_FILE = YES;
				MARKETING_VERSION = 1.0;
				PRODUCT_BUNDLE_IDENTIFIER = com.a17.breez.BreezUITests;
				PRODUCT_NAME = "$(TARGET_NAME)";
				SWIFT_EMIT_LOC_STRINGS = NO;
				SWIFT_VERSION = 5.0;
				TARGETED_DEVICE_FAMILY = "1,2";
				TEST_TARGET_NAME = Breez;
			};
			name = Debug;
		};
		EFDF8FCC2EAFDEA300EA4813 /* Release */ = {
			isa = XCBuildConfiguration;
			buildSettings = {
				CODE_SIGN_STYLE = Automatic;
				CURRENT_PROJECT_VERSION = 1;
				DEVELOPMENT_TEAM = D2A29W2UN7;
				GENERATE_INFOPLIST_FILE = YES;
				MARKETING_VERSION = 1.0;
				PRODUCT_BUNDLE_IDENTIFIER = com.a17.breez.BreezUITests;
				PRODUCT_NAME = "$(TARGET_NAME)";
				SWIFT_EMIT_LOC_STRINGS = NO;
				SWIFT_VERSION = 5.0;
				TARGETED_DEVICE_FAMILY = "1,2";
				TEST_TARGET_NAME = Breez;
			};
			name = Release;
		};
/* End XCBuildConfiguration section */

/* Begin XCConfigurationList section */
		EFDF8F9B2EAFDEA100EA4813 /* Build configuration list for PBXProject "Breez" */ = {
			isa = XCConfigurationList;
			buildConfigurations = (
				EFDF8FC22EAFDEA300EA4813 /* Debug */,
				EFDF8FC32EAFDEA300EA4813 /* Release */,
			);
			defaultConfigurationIsVisible = 0;
			defaultConfigurationName = Release;
		};
		EFDF8FC42EAFDEA300EA4813 /* Build configuration list for PBXNativeTarget "Breez" */ = {
			isa = XCConfigurationList;
			buildConfigurations = (
				EFDF8FC52EAFDEA300EA4813 /* Debug */,
				EFDF8FC62EAFDEA300EA4813 /* Release */,
			);
			defaultConfigurationIsVisible = 0;
			defaultConfigurationName = Release;
		};
		EFDF8FC72EAFDEA300EA4813 /* Build configuration list for PBXNativeTarget "BreezTests" */ = {
			isa = XCConfigurationList;
			buildConfigurations = (
				EFDF8FC82EAFDEA300EA4813 /* Debug */,
				EFDF8FC92EAFDEA300EA4813 /* Release */,
			);
			defaultConfigurationIsVisible = 0;
			defaultConfigurationName = Release;
		};
		EFDF8FCA2EAFDEA300EA4813 /* Build configuration list for PBXNativeTarget "BreezUITests" */ = {
			isa = XCConfigurationList;
			buildConfigurations = (
				EFDF8FCB2EAFDEA300EA4813 /* Debug */,
				EFDF8FCC2EAFDEA300EA4813 /* Release */,
			);
			defaultConfigurationIsVisible = 0;
			defaultConfigurationName = Release;
		};
/* End XCConfigurationList section */
	};
	rootObject = EFDF8F982EAFDEA100EA4813 /* Project object */;
}
